<?xml version="1.0" encoding="utf-8"?>
<Project ToolsVersion="4.0" xmlns="http://schemas.microsoft.com/developer/msbuild/2003">
  <ItemGroup>
    <Filter Include="lib">
      <UniqueIdentifier>{f8fb8068-abc0-4bcf-ab0c-22bec5a4cfcd}</UniqueIdentifier>
    </Filter>
    <Filter Include="lib\Utilitron">
      <UniqueIdentifier>{fdaba04f-1a72-45b4-b953-ae92d3cc264f}</UniqueIdentifier>
    </Filter>
    <Filter Include="lib\Utilitron\exceptions">
      <UniqueIdentifier>{8a1c441b-6906-4f93-961b-ad35330424f7}</UniqueIdentifier>
    </Filter>
    <Filter Include="src">
      <UniqueIdentifier>{83973a3e-436a-4f8f-b812-46c039b4f9a0}</UniqueIdentifier>
    </Filter>
    <Filter Include="src\data">
      <UniqueIdentifier>{c53bc825-8c7d-4044-96c5-df8534590635}</UniqueIdentifier>
    </Filter>
    <Filter Include="src\data\layers">
      <UniqueIdentifier>{00d0aee4-f975-4d35-913d-1a962254eb98}</UniqueIdentifier>
    </Filter>
    <Filter Include="src\entities">
      <UniqueIdentifier>{bce4f9e1-0c49-4e37-a7bf-82d5422b914a}</UniqueIdentifier>
    </Filter>
    <Filter Include="src\entities\debug">
      <UniqueIdentifier>{a8d3c5de-4e32-4976-9012-922e5b8bbaa1}</UniqueIdentifier>
    </Filter>
    <Filter Include="src\entities\gameplay">
      <UniqueIdentifier>{f709e77e-fdc1-45d7-b78f-74433daa0d30}</UniqueIdentifier>
    </Filter>
    <Filter Include="src\entities\loading">
      <UniqueIdentifier>{14a6bf30-e556-4e04-ad23-70b210cfe36b}</UniqueIdentifier>
    </Filter>
    <Filter Include="src\entities\menu">
      <UniqueIdentifier>{1626ce91-0110-49b6-b566-ba7c999a02af}</UniqueIdentifier>
    </Filter>
    <Filter Include="src\entities\menu\setting_widget">
      <UniqueIdentifier>{146191fa-4040-48e0-a3e1-42844c8e1a32}</UniqueIdentifier>
    </Filter>
    <Filter Include="src\entities\start_up">
      <UniqueIdentifier>{984b4508-748a-4980-ae02-8d9e79e46226}</UniqueIdentifier>
    </Filter>
    <Filter Include="src\functions">
      <UniqueIdentifier>{ed5593e5-4f91-4c8d-a131-300c4cf76ecd}</UniqueIdentifier>
    </Filter>
    <Filter Include="src\functions\settings">
      <UniqueIdentifier>{dca84cf8-e003-4260-a3d5-b78fafe2a3a2}</UniqueIdentifier>
    </Filter>
    <Filter Include="src\omicron">
      <UniqueIdentifier>{6bbab1b2-91d3-4915-87d9-1e4f641905a1}</UniqueIdentifier>
    </Filter>
    <Filter Include="src\omicron\audio">
      <UniqueIdentifier>{fa5a6445-ac9b-47c2-a181-fa2cdb1c9bbd}</UniqueIdentifier>
    </Filter>
    <Filter Include="src\omicron\component">
      <UniqueIdentifier>{9e045452-6abe-4fe6-86be-da98f6e87088}</UniqueIdentifier>
    </Filter>
    <Filter Include="src\omicron\component\light">
      <UniqueIdentifier>{8baf1b55-7dc8-4c19-a084-a907e499f07b}</UniqueIdentifier>
    </Filter>
    <Filter Include="src\omicron\component\physics">
      <UniqueIdentifier>{dbaf1adb-a721-4ab6-b17e-5530d734fae2}</UniqueIdentifier>
    </Filter>
    <Filter Include="src\omicron\component\renderable">
      <UniqueIdentifier>{3b7d2b92-0208-446b-9b72-97ef5419c342}</UniqueIdentifier>
    </Filter>
    <Filter Include="src\omicron\component\updatable">
      <UniqueIdentifier>{18501935-39aa-46c5-9019-95980a38885f}</UniqueIdentifier>
    </Filter>
    <Filter Include="src\omicron\component\updatable\audio">
      <UniqueIdentifier>{56f29ca1-68de-41a7-ac67-450aa9742bd3}</UniqueIdentifier>
    </Filter>
    <Filter Include="src\omicron\display">
      <UniqueIdentifier>{d715134d-48c5-4d40-a1c2-99d458f63804}</UniqueIdentifier>
    </Filter>
    <Filter Include="src\omicron\entity">
      <UniqueIdentifier>{2a593a5d-f9d8-4b15-a5c8-3fdf5b3c99bb}</UniqueIdentifier>
    </Filter>
    <Filter Include="src\omicron\input">
      <UniqueIdentifier>{adf73374-5ab9-4d40-9089-5a51e4552a56}</UniqueIdentifier>
    </Filter>
    <Filter Include="src\omicron\logic">
      <UniqueIdentifier>{daa2852b-c67a-48c1-b70c-b259c5507c6d}</UniqueIdentifier>
    </Filter>
    <Filter Include="src\omicron\physics">
      <UniqueIdentifier>{4d3e056b-b685-4b60-84ce-2f43d4210edf}</UniqueIdentifier>
    </Filter>
    <Filter Include="src\omicron\physics\bounding">
      <UniqueIdentifier>{a707ca59-befe-43ca-a5af-c9434b48da6b}</UniqueIdentifier>
    </Filter>
    <Filter Include="src\omicron\physics\collision_detect">
      <UniqueIdentifier>{66d31181-22a9-4ce7-b6eb-5dd4bd981da0}</UniqueIdentifier>
    </Filter>
    <Filter Include="src\omicron\rendering">
      <UniqueIdentifier>{4462f5e9-a8c7-4ae7-9d65-bd803385835f}</UniqueIdentifier>
    </Filter>
    <Filter Include="src\omicron\rendering\lighting">
      <UniqueIdentifier>{5cd8d130-a451-4c4b-9a2c-ade7926ef992}</UniqueIdentifier>
    </Filter>
    <Filter Include="src\omicron\rendering\object_data">
      <UniqueIdentifier>{a5d13acf-b61c-47e6-b8b9-656ba7d21bf7}</UniqueIdentifier>
    </Filter>
    <Filter Include="src\omicron\rendering\render_texture">
      <UniqueIdentifier>{5b1eb0ca-ad84-46ac-bbc7-5daff32f512e}</UniqueIdentifier>
    </Filter>
    <Filter Include="src\omicron\rendering\shading">
      <UniqueIdentifier>{654a6205-5b21-43b7-8b40-339c6fff5ece}</UniqueIdentifier>
    </Filter>
    <Filter Include="src\omicron\rendering\shading\material_property">
      <UniqueIdentifier>{2fde33d7-ad9a-4e6e-9de4-39b72e09c99f}</UniqueIdentifier>
    </Filter>
    <Filter Include="src\omicron\resource">
      <UniqueIdentifier>{8ce9abc0-01ba-445e-9e61-8ea5cc368aae}</UniqueIdentifier>
    </Filter>
    <Filter Include="src\omicron\resource\loader">
      <UniqueIdentifier>{fce3752c-bf5b-415c-8d1c-91fd11b548ca}</UniqueIdentifier>
    </Filter>
    <Filter Include="src\omicron\resource\type">
      <UniqueIdentifier>{88460e5d-8656-4979-9902-ecccc3ea1b36}</UniqueIdentifier>
    </Filter>
    <Filter Include="src\omicron\scene">
      <UniqueIdentifier>{255d6941-ada5-4cbe-bf4c-3c9ab4171c69}</UniqueIdentifier>
    </Filter>
    <Filter Include="src\omicron\settings">
      <UniqueIdentifier>{b59ecc2a-a233-450e-9333-5330ab6762c4}</UniqueIdentifier>
    </Filter>
    <Filter Include="src\omicron\system">
      <UniqueIdentifier>{fa3a4851-81e0-4a52-b360-1525edaf4fbb}</UniqueIdentifier>
    </Filter>
    <Filter Include="src\omicron\utilities">
      <UniqueIdentifier>{f0da6108-b52a-4e31-9f6d-00a08e902968}</UniqueIdentifier>
    </Filter>
    <Filter Include="src\override">
      <UniqueIdentifier>{631ac57b-b27f-48a4-b3bf-a4290785519f}</UniqueIdentifier>
    </Filter>
    <Filter Include="src\resource_pack">
      <UniqueIdentifier>{8ed3f529-c843-40e8-a035-b1ed7bc621e6}</UniqueIdentifier>
    </Filter>
    <Filter Include="src\scenes">
      <UniqueIdentifier>{43bf997d-1965-4e78-9050-0ea88df4f44f}</UniqueIdentifier>
    </Filter>
    <Filter Include="src\scenes\gameplay">
      <UniqueIdentifier>{595f44e7-b14e-4319-8269-7f3df64a295d}</UniqueIdentifier>
    </Filter>
    <Filter Include="src\scenes\loading">
      <UniqueIdentifier>{b2548ce8-b92d-4b1d-9a3a-18f654d8084b}</UniqueIdentifier>
    </Filter>
    <Filter Include="src\scenes\start_up">
      <UniqueIdentifier>{2a86ea45-f049-4d5c-b9ca-caccf7583e05}</UniqueIdentifier>
    </Filter>
    <Filter Include="src\entities\gameplay\environment">
      <UniqueIdentifier>{9431dc47-cbc1-4f00-ab03-505353d9d981}</UniqueIdentifier>
    </Filter>
    <Filter Include="src\entities\gameplay\function">
      <UniqueIdentifier>{ce02b6a1-994e-4897-b464-85cbedc62d32}</UniqueIdentifier>
    </Filter>
  </ItemGroup>
  <ItemGroup>
    <ClInclude Include="lib\Utilitron\FileUtil.hpp">
      <Filter>lib\Utilitron</Filter>
    </ClInclude>
    <ClInclude Include="lib\Utilitron\MacroUtil.hpp">
      <Filter>lib\Utilitron</Filter>
    </ClInclude>
    <ClInclude Include="lib\Utilitron\MathUtil.hpp">
      <Filter>lib\Utilitron</Filter>
    </ClInclude>
    <ClInclude Include="lib\Utilitron\StringUtil.hpp">
      <Filter>lib\Utilitron</Filter>
    </ClInclude>
    <ClInclude Include="lib\Utilitron\ThreadUtil.hpp">
      <Filter>lib\Utilitron</Filter>
    </ClInclude>
    <ClInclude Include="lib\Utilitron\TimeUtil.hpp">
      <Filter>lib\Utilitron</Filter>
    </ClInclude>
    <ClInclude Include="lib\Utilitron\TypeUtil.hpp">
      <Filter>lib\Utilitron</Filter>
    </ClInclude>
    <ClInclude Include="lib\Utilitron\exceptions\CollectionException.hpp">
      <Filter>lib\Utilitron\exceptions</Filter>
    </ClInclude>
    <ClInclude Include="lib\Utilitron\exceptions\Exception.hpp">
      <Filter>lib\Utilitron\exceptions</Filter>
    </ClInclude>
    <ClInclude Include="src\data\Globals.hpp">
      <Filter>src\data</Filter>
    </ClInclude>
    <ClInclude Include="src\data\layers\GUILayers.hpp">
      <Filter>src\data\layers</Filter>
    </ClInclude>
    <ClInclude Include="src\data\layers\StartUpLayers.hpp">
      <Filter>src\data\layers</Filter>
    </ClInclude>
    <ClInclude Include="src\entities\debug\FPSCounter.hpp">
      <Filter>src\entities\debug</Filter>
    </ClInclude>
    <ClInclude Include="src\entities\loading\LoadingSplash.hpp">
      <Filter>src\entities\loading</Filter>
    </ClInclude>
    <ClInclude Include="src\entities\menu\PauseMenu.hpp">
      <Filter>src\entities\menu</Filter>
    </ClInclude>
    <ClInclude Include="src\entities\menu\setting_widget\EnumWidget.hpp">
      <Filter>src\entities\menu\setting_widget</Filter>
    </ClInclude>
    <ClInclude Include="src\entities\menu\setting_widget\SettingWidget.hpp">
      <Filter>src\entities\menu\setting_widget</Filter>
    </ClInclude>
    <ClInclude Include="src\entities\menu\setting_widget\SliderWidget.hpp">
      <Filter>src\entities\menu\setting_widget</Filter>
    </ClInclude>
    <ClInclude Include="src\entities\start_up\OmicronLogo.hpp">
      <Filter>src\entities\start_up</Filter>
    </ClInclude>
    <ClInclude Include="src\functions\settings\ApplySettings.hpp">
      <Filter>src\functions\settings</Filter>
    </ClInclude>
    <ClInclude Include="src\functions\settings\Config.hpp">
      <Filter>src\functions\settings</Filter>
    </ClInclude>
    <ClInclude Include="src\omicron\Omicron.hpp">
      <Filter>src\omicron</Filter>
    </ClInclude>
    <ClInclude Include="src\omicron\audio\SoundPool.hpp">
      <Filter>src\omicron\audio</Filter>
    </ClInclude>
    <ClInclude Include="src\omicron\component\Camera.hpp">
      <Filter>src\omicron\component</Filter>
    </ClInclude>
    <ClInclude Include="src\omicron\component\Component.hpp">
      <Filter>src\omicron\component</Filter>
    </ClInclude>
    <ClInclude Include="src\omicron\component\Transform.hpp">
      <Filter>src\omicron\component</Filter>
    </ClInclude>
    <ClInclude Include="src\omicron\component\light\DirectionalLight.hpp">
      <Filter>src\omicron\component\light</Filter>
    </ClInclude>
    <ClInclude Include="src\omicron\component\light\Light.hpp">
      <Filter>src\omicron\component\light</Filter>
    </ClInclude>
    <ClInclude Include="src\omicron\component\light\PointLight.hpp">
      <Filter>src\omicron\component\light</Filter>
    </ClInclude>
    <ClInclude Include="src\omicron\component\light\SpotLight.hpp">
      <Filter>src\omicron\component\light</Filter>
    </ClInclude>
    <ClInclude Include="src\omicron\component\physics\CollisionChecker.hpp">
      <Filter>src\omicron\component\physics</Filter>
    </ClInclude>
    <ClInclude Include="src\omicron\component\physics\CollisionDetector.hpp">
      <Filter>src\omicron\component\physics</Filter>
    </ClInclude>
    <ClInclude Include="src\omicron\component\physics\Physics.hpp">
      <Filter>src\omicron\component\physics</Filter>
    </ClInclude>
    <ClInclude Include="src\omicron\component\renderable\KeyFrameMesh.hpp">
      <Filter>src\omicron\component\renderable</Filter>
    </ClInclude>
    <ClInclude Include="src\omicron\component\renderable\Mesh.hpp">
      <Filter>src\omicron\component\renderable</Filter>
    </ClInclude>
    <ClInclude Include="src\omicron\component\renderable\Renderable.hpp">
      <Filter>src\omicron\component\renderable</Filter>
    </ClInclude>
    <ClInclude Include="src\omicron\component\renderable\Sprite.hpp">
      <Filter>src\omicron\component\renderable</Filter>
    </ClInclude>
    <ClInclude Include="src\omicron\component\renderable\Text.hpp">
      <Filter>src\omicron\component\renderable</Filter>
    </ClInclude>
    <ClInclude Include="src\omicron\component\updatable\Updatable.hpp">
      <Filter>src\omicron\component\updatable</Filter>
    </ClInclude>
    <ClInclude Include="src\omicron\component\updatable\audio\Music.hpp">
      <Filter>src\omicron\component\updatable\audio</Filter>
    </ClInclude>
    <ClInclude Include="src\omicron\display\Window.hpp">
      <Filter>src\omicron\display</Filter>
    </ClInclude>
    <ClInclude Include="src\omicron\entity\ComponentTable.hpp">
      <Filter>src\omicron\entity</Filter>
    </ClInclude>
    <ClInclude Include="src\omicron\entity\Entity.hpp">
      <Filter>src\omicron\entity</Filter>
    </ClInclude>
    <ClInclude Include="src\omicron\input\Input.hpp">
      <Filter>src\omicron\input</Filter>
    </ClInclude>
    <ClInclude Include="src\omicron\logic\FPSManager.hpp">
      <Filter>src\omicron\logic</Filter>
    </ClInclude>
    <ClInclude Include="src\omicron\logic\LogicManager.hpp">
      <Filter>src\omicron\logic</Filter>
    </ClInclude>
    <ClInclude Include="src\omicron\physics\bounding\BoundingCircle.hpp">
      <Filter>src\omicron\physics\bounding</Filter>
    </ClInclude>
    <ClInclude Include="src\omicron\physics\bounding\BoundingRect.hpp">
      <Filter>src\omicron\physics\bounding</Filter>
    </ClInclude>
    <ClInclude Include="src\omicron\physics\bounding\BoundingShape.hpp">
      <Filter>src\omicron\physics\bounding</Filter>
    </ClInclude>
    <ClInclude Include="src\omicron\physics\bounding\BoundingSphere.hpp">
      <Filter>src\omicron\physics\bounding</Filter>
    </ClInclude>
    <ClInclude Include="src\omicron\physics\collision_detect\CollisionDetect.hpp">
      <Filter>src\omicron\physics\collision_detect</Filter>
    </ClInclude>
    <ClInclude Include="src\omicron\rendering\Renderer.hpp">
      <Filter>src\omicron\rendering</Filter>
    </ClInclude>
    <ClInclude Include="src\omicron\rendering\RenderLists.hpp">
      <Filter>src\omicron\rendering</Filter>
    </ClInclude>
    <ClInclude Include="src\omicron\rendering\VisibilityCheckThread.hpp">
      <Filter>src\omicron\rendering</Filter>
    </ClInclude>
    <ClInclude Include="src\omicron\rendering\lighting\LightData.hpp">
      <Filter>src\omicron\rendering\lighting</Filter>
    </ClInclude>
    <ClInclude Include="src\omicron\rendering\lighting\ShadowMap.hpp">
      <Filter>src\omicron\rendering\lighting</Filter>
    </ClInclude>
    <ClInclude Include="src\omicron\rendering\object_data\Geometry.hpp">
      <Filter>src\omicron\rendering\object_data</Filter>
    </ClInclude>
    <ClInclude Include="src\omicron\rendering\render_texture\BlurHorRenderTexture.hpp">
      <Filter>src\omicron\rendering\render_texture</Filter>
    </ClInclude>
    <ClInclude Include="src\omicron\rendering\render_texture\BlurVertRenderTexture.hpp">
      <Filter>src\omicron\rendering\render_texture</Filter>
    </ClInclude>
    <ClInclude Include="src\omicron\rendering\render_texture\FinalRenderTexture.hpp">
      <Filter>src\omicron\rendering\render_texture</Filter>
    </ClInclude>
    <ClInclude Include="src\omicron\rendering\render_texture\GlowBlurHorRenderTexture.hpp">
      <Filter>src\omicron\rendering\render_texture</Filter>
    </ClInclude>
    <ClInclude Include="src\omicron\rendering\render_texture\GlowBlurVertRenderTexture.hpp">
      <Filter>src\omicron\rendering\render_texture</Filter>
    </ClInclude>
    <ClInclude Include="src\omicron\rendering\render_texture\GlowCollateRenderTexture.hpp">
      <Filter>src\omicron\rendering\render_texture</Filter>
    </ClInclude>
    <ClInclude Include="src\omicron\rendering\render_texture\GlowFirstPassRenderTexture.hpp">
      <Filter>src\omicron\rendering\render_texture</Filter>
    </ClInclude>
    <ClInclude Include="src\omicron\rendering\render_texture\GuiRenderTexture.hpp">
      <Filter>src\omicron\rendering\render_texture</Filter>
    </ClInclude>
    <ClInclude Include="src\omicron\rendering\render_texture\RenderTexture.hpp">
      <Filter>src\omicron\rendering\render_texture</Filter>
    </ClInclude>
    <ClInclude Include="src\omicron\rendering\render_texture\StdRenderTexture.hpp">
      <Filter>src\omicron\rendering\render_texture</Filter>
    </ClInclude>
    <ClInclude Include="src\omicron\rendering\render_texture\VisCheckRenderTexture.hpp">
      <Filter>src\omicron\rendering\render_texture</Filter>
    </ClInclude>
    <ClInclude Include="src\omicron\rendering\shading\Animation.hpp">
      <Filter>src\omicron\rendering\shading</Filter>
    </ClInclude>
    <ClInclude Include="src\omicron\rendering\shading\Font.hpp">
      <Filter>src\omicron\rendering\shading</Filter>
    </ClInclude>
    <ClInclude Include="src\omicron\rendering\shading\Material.hpp">
      <Filter>src\omicron\rendering\shading</Filter>
    </ClInclude>
    <ClInclude Include="src\omicron\rendering\shading\Shader.hpp">
      <Filter>src\omicron\rendering\shading</Filter>
    </ClInclude>
    <ClInclude Include="src\omicron\rendering\shading\Texture.hpp">
      <Filter>src\omicron\rendering\shading</Filter>
    </ClInclude>
    <ClInclude Include="src\omicron\rendering\shading\material_property\Glow.hpp">
      <Filter>src\omicron\rendering\shading\material_property</Filter>
    </ClInclude>
    <ClInclude Include="src\omicron\rendering\shading\material_property\Specular.hpp">
      <Filter>src\omicron\rendering\shading\material_property</Filter>
    </ClInclude>
    <ClInclude Include="src\omicron\resource\ResourceManager.hpp">
      <Filter>src\omicron\resource</Filter>
    </ClInclude>
    <ClInclude Include="src\omicron\resource\ResourceServer.hpp">
      <Filter>src\omicron\resource</Filter>
    </ClInclude>
    <ClInclude Include="src\omicron\resource\VirtualFile.hpp">
      <Filter>src\omicron\resource</Filter>
    </ClInclude>
    <ClInclude Include="src\omicron\resource\loader\GeoThread.hpp">
      <Filter>src\omicron\resource\loader</Filter>
    </ClInclude>
    <ClInclude Include="src\omicron\resource\loader\Loaders.hpp">
      <Filter>src\omicron\resource\loader</Filter>
    </ClInclude>
    <ClInclude Include="src\omicron\resource\type\FontResource.hpp">
      <Filter>src\omicron\resource\type</Filter>
    </ClInclude>
    <ClInclude Include="src\omicron\resource\type\GeometryResource.hpp">
      <Filter>src\omicron\resource\type</Filter>
    </ClInclude>
    <ClInclude Include="src\omicron\resource\type\KeyFrameMeshResource.hpp">
      <Filter>src\omicron\resource\type</Filter>
    </ClInclude>
    <ClInclude Include="src\omicron\resource\type\MaterialResource.hpp">
      <Filter>src\omicron\resource\type</Filter>
    </ClInclude>
    <ClInclude Include="src\omicron\resource\type\MeshResource.hpp">
      <Filter>src\omicron\resource\type</Filter>
    </ClInclude>
    <ClInclude Include="src\omicron\resource\type\Resource.hpp">
      <Filter>src\omicron\resource\type</Filter>
    </ClInclude>
    <ClInclude Include="src\omicron\resource\type\ShaderResource.hpp">
      <Filter>src\omicron\resource\type</Filter>
    </ClInclude>
    <ClInclude Include="src\omicron\resource\type\SoundResource.hpp">
      <Filter>src\omicron\resource\type</Filter>
    </ClInclude>
    <ClInclude Include="src\omicron\resource\type\SpriteResource.hpp">
      <Filter>src\omicron\resource\type</Filter>
    </ClInclude>
    <ClInclude Include="src\omicron\resource\type\TextResource.hpp">
      <Filter>src\omicron\resource\type</Filter>
    </ClInclude>
    <ClInclude Include="src\omicron\resource\type\TextureResource.hpp">
      <Filter>src\omicron\resource\type</Filter>
    </ClInclude>
    <ClInclude Include="src\omicron\scene\Scene.hpp">
      <Filter>src\omicron\scene</Filter>
    </ClInclude>
    <ClInclude Include="src\omicron\settings\AudioSettings.hpp">
      <Filter>src\omicron\settings</Filter>
    </ClInclude>
    <ClInclude Include="src\omicron\settings\DisplaySettings.hpp">
      <Filter>src\omicron\settings</Filter>
    </ClInclude>
    <ClInclude Include="src\omicron\settings\RenderSettings.hpp">
      <Filter>src\omicron\settings</Filter>
    </ClInclude>
    <ClInclude Include="src\omicron\settings\SystemSettings.hpp">
      <Filter>src\omicron\settings</Filter>
    </ClInclude>
    <ClInclude Include="src\omicron\utilities\TransformUtil.hpp">
      <Filter>src\omicron\utilities</Filter>
    </ClInclude>
    <ClInclude Include="src\omicron\utilities\VectorUtil.hpp">
      <Filter>src\omicron\utilities</Filter>
    </ClInclude>
    <ClInclude Include="src\override\ResourceGroups.hpp">
      <Filter>src\override</Filter>
    </ClInclude>
    <ClInclude Include="src\override\StartUp.hpp">
      <Filter>src\override</Filter>
    </ClInclude>
    <ClInclude Include="src\resource_pack\Packs.hpp">
      <Filter>src\resource_pack</Filter>
    </ClInclude>
    <ClInclude Include="src\scenes\gameplay\GameplayScene.hpp">
      <Filter>src\scenes\gameplay</Filter>
    </ClInclude>
    <ClInclude Include="src\scenes\loading\LoadingScene.hpp">
      <Filter>src\scenes\loading</Filter>
    </ClInclude>
    <ClInclude Include="src\scenes\start_up\StartUpScene.hpp">
      <Filter>src\scenes\start_up</Filter>
    </ClInclude>
    <ClInclude Include="src\entities\gameplay\Player.hpp">
      <Filter>src\entities\gameplay</Filter>
    </ClInclude>
    <ClInclude Include="src\entities\gameplay\environment\World.hpp">
      <Filter>src\entities\gameplay\environment</Filter>
    </ClInclude>
    <ClInclude Include="src\entities\gameplay\environment\Sun.hpp">
      <Filter>src\entities\gameplay\environment</Filter>
    </ClInclude>
    <ClInclude Include="src\entities\gameplay\environment\Environment.hpp">
      <Filter>src\entities\gameplay\environment</Filter>
    </ClInclude>
    <ClInclude Include="src\entities\gameplay\Gui.hpp">
      <Filter>src\entities\gameplay</Filter>
    </ClInclude>
    <ClInclude Include="src\entities\gameplay\function\Function.hpp">
      <Filter>src\entities\gameplay\function</Filter>
    </ClInclude>
    <ClInclude Include="src\entities\gameplay\function\RaiseFunc.hpp">
      <Filter>src\entities\gameplay\function</Filter>
    </ClInclude>
    <ClInclude Include="src\entities\gameplay\function\SineFunc.hpp">
      <Filter>src\entities\gameplay\function</Filter>
    </ClInclude>
    <ClInclude Include="src\entities\gameplay\function\FunctionAttack.hpp">
      <Filter>src\entities\gameplay\function</Filter>
    </ClInclude>
  </ItemGroup>
  <ItemGroup>
    <ClCompile Include="src\data\Globals.cpp">
      <Filter>src\data</Filter>
    </ClCompile>
    <ClCompile Include="src\entities\debug\FPSCounter.cpp">
      <Filter>src\entities\debug</Filter>
    </ClCompile>
    <ClCompile Include="src\entities\loading\LoadingSplash.cpp">
      <Filter>src\entities\loading</Filter>
    </ClCompile>
    <ClCompile Include="src\entities\menu\PauseMenu.cpp">
      <Filter>src\entities\menu</Filter>
    </ClCompile>
    <ClCompile Include="src\entities\menu\setting_widget\EnumWidget.cpp">
      <Filter>src\entities\menu\setting_widget</Filter>
    </ClCompile>
    <ClCompile Include="src\entities\menu\setting_widget\SettingWidget.cpp">
      <Filter>src\entities\menu\setting_widget</Filter>
    </ClCompile>
    <ClCompile Include="src\entities\menu\setting_widget\SliderWidget.cpp">
      <Filter>src\entities\menu\setting_widget</Filter>
    </ClCompile>
    <ClCompile Include="src\entities\start_up\OmicronLogo.cpp">
      <Filter>src\entities\start_up</Filter>
    </ClCompile>
    <ClCompile Include="src\functions\settings\ApplySettings.cpp">
      <Filter>src\functions\settings</Filter>
    </ClCompile>
    <ClCompile Include="src\functions\settings\Config.cpp">
      <Filter>src\functions\settings</Filter>
    </ClCompile>
    <ClCompile Include="src\omicron\Omicron.cpp">
      <Filter>src\omicron</Filter>
    </ClCompile>
    <ClCompile Include="src\omicron\audio\SoundPool.cpp">
      <Filter>src\omicron\audio</Filter>
    </ClCompile>
    <ClCompile Include="src\omicron\component\Camera.cpp">
      <Filter>src\omicron\component</Filter>
    </ClCompile>
    <ClCompile Include="src\omicron\component\Transform.cpp">
      <Filter>src\omicron\component</Filter>
    </ClCompile>
    <ClCompile Include="src\omicron\component\light\DirectionalLight.cpp">
      <Filter>src\omicron\component\light</Filter>
    </ClCompile>
    <ClCompile Include="src\omicron\component\light\Light.cpp">
      <Filter>src\omicron\component\light</Filter>
    </ClCompile>
    <ClCompile Include="src\omicron\component\light\PointLight.cpp">
      <Filter>src\omicron\component\light</Filter>
    </ClCompile>
    <ClCompile Include="src\omicron\component\light\SpotLight.cpp">
      <Filter>src\omicron\component\light</Filter>
    </ClCompile>
    <ClCompile Include="src\omicron\component\physics\CollisionChecker.cpp">
      <Filter>src\omicron\component\physics</Filter>
    </ClCompile>
    <ClCompile Include="src\omicron\component\physics\CollisionDetector.cpp">
      <Filter>src\omicron\component\physics</Filter>
    </ClCompile>
    <ClCompile Include="src\omicron\component\renderable\KeyFrameMesh.cpp">
      <Filter>src\omicron\component\renderable</Filter>
    </ClCompile>
    <ClCompile Include="src\omicron\component\renderable\Mesh.cpp">
      <Filter>src\omicron\component\renderable</Filter>
    </ClCompile>
    <ClCompile Include="src\omicron\component\renderable\Renderable.cpp">
      <Filter>src\omicron\component\renderable</Filter>
    </ClCompile>
    <ClCompile Include="src\omicron\component\renderable\Sprite.cpp">
      <Filter>src\omicron\component\renderable</Filter>
    </ClCompile>
    <ClCompile Include="src\omicron\component\renderable\Text.cpp">
      <Filter>src\omicron\component\renderable</Filter>
    </ClCompile>
    <ClCompile Include="src\omicron\component\updatable\audio\Music.cpp">
      <Filter>src\omicron\component\updatable\audio</Filter>
    </ClCompile>
    <ClCompile Include="src\omicron\display\Window.cpp">
      <Filter>src\omicron\display</Filter>
    </ClCompile>
    <ClCompile Include="src\omicron\entity\ComponentTable.cpp">
      <Filter>src\omicron\entity</Filter>
    </ClCompile>
    <ClCompile Include="src\omicron\input\Keyboard.cpp">
      <Filter>src\omicron\input</Filter>
    </ClCompile>
    <ClCompile Include="src\omicron\input\Mouse.cpp">
      <Filter>src\omicron\input</Filter>
    </ClCompile>
    <ClCompile Include="src\omicron\logic\FPSManager.cpp">
      <Filter>src\omicron\logic</Filter>
    </ClCompile>
    <ClCompile Include="src\omicron\logic\LogicManager.cpp">
      <Filter>src\omicron\logic</Filter>
    </ClCompile>
    <ClCompile Include="src\omicron\physics\collision_detect\CollisionDetect.cpp">
      <Filter>src\omicron\physics\collision_detect</Filter>
    </ClCompile>
    <ClCompile Include="src\omicron\rendering\Renderer.cpp">
      <Filter>src\omicron\rendering</Filter>
    </ClCompile>
    <ClCompile Include="src\omicron\rendering\RenderLists.cpp">
      <Filter>src\omicron\rendering</Filter>
    </ClCompile>
    <ClCompile Include="src\omicron\rendering\VisibilityCheckThread.cpp">
      <Filter>src\omicron\rendering</Filter>
    </ClCompile>
    <ClCompile Include="src\omicron\rendering\lighting\ShadowMap.cpp">
      <Filter>src\omicron\rendering\lighting</Filter>
    </ClCompile>
    <ClCompile Include="src\omicron\rendering\render_texture\BlurHorRenderTexture.cpp">
      <Filter>src\omicron\rendering\render_texture</Filter>
    </ClCompile>
    <ClCompile Include="src\omicron\rendering\render_texture\BlurVertRenderTexture.cpp">
      <Filter>src\omicron\rendering\render_texture</Filter>
    </ClCompile>
    <ClCompile Include="src\omicron\rendering\render_texture\FinalRenderTexture.cpp">
      <Filter>src\omicron\rendering\render_texture</Filter>
    </ClCompile>
    <ClCompile Include="src\omicron\rendering\render_texture\GlowBlurHorRenderTexture.cpp">
      <Filter>src\omicron\rendering\render_texture</Filter>
    </ClCompile>
    <ClCompile Include="src\omicron\rendering\render_texture\GlowBlurVertRenderTexture.cpp">
      <Filter>src\omicron\rendering\render_texture</Filter>
    </ClCompile>
    <ClCompile Include="src\omicron\rendering\render_texture\GlowCollateRenderTexture.cpp">
      <Filter>src\omicron\rendering\render_texture</Filter>
    </ClCompile>
    <ClCompile Include="src\omicron\rendering\render_texture\GlowFirstPassRenderTexture.cpp">
      <Filter>src\omicron\rendering\render_texture</Filter>
    </ClCompile>
    <ClCompile Include="src\omicron\rendering\render_texture\GuiRenderTexture.cpp">
      <Filter>src\omicron\rendering\render_texture</Filter>
    </ClCompile>
    <ClCompile Include="src\omicron\rendering\render_texture\RenderTexture.cpp">
      <Filter>src\omicron\rendering\render_texture</Filter>
    </ClCompile>
    <ClCompile Include="src\omicron\rendering\render_texture\StdRenderTexture.cpp">
      <Filter>src\omicron\rendering\render_texture</Filter>
    </ClCompile>
    <ClCompile Include="src\omicron\rendering\render_texture\VisCheckRenderTexture.cpp">
      <Filter>src\omicron\rendering\render_texture</Filter>
    </ClCompile>
    <ClCompile Include="src\omicron\rendering\shading\Animation.cpp">
      <Filter>src\omicron\rendering\shading</Filter>
    </ClCompile>
    <ClCompile Include="src\omicron\rendering\shading\Material.cpp">
      <Filter>src\omicron\rendering\shading</Filter>
    </ClCompile>
    <ClCompile Include="src\omicron\rendering\shading\Shader.cpp">
      <Filter>src\omicron\rendering\shading</Filter>
    </ClCompile>
    <ClCompile Include="src\omicron\rendering\shading\Texture.cpp">
      <Filter>src\omicron\rendering\shading</Filter>
    </ClCompile>
    <ClCompile Include="src\omicron\rendering\shading\material_property\Glow.cpp">
      <Filter>src\omicron\rendering\shading\material_property</Filter>
    </ClCompile>
    <ClCompile Include="src\omicron\rendering\shading\material_property\Specular.cpp">
      <Filter>src\omicron\rendering\shading\material_property</Filter>
    </ClCompile>
    <ClCompile Include="src\omicron\resource\ResourceManager.cpp">
      <Filter>src\omicron\resource</Filter>
    </ClCompile>
    <ClCompile Include="src\omicron\resource\ResourceServer.cpp">
      <Filter>src\omicron\resource</Filter>
    </ClCompile>
    <ClCompile Include="src\omicron\resource\VirtualFile.cpp">
      <Filter>src\omicron\resource</Filter>
    </ClCompile>
    <ClCompile Include="src\omicron\resource\loader\FontLoader.cpp">
      <Filter>src\omicron\resource\loader</Filter>
    </ClCompile>
    <ClCompile Include="src\omicron\resource\loader\GeometryLoader.cpp">
      <Filter>src\omicron\resource\loader</Filter>
    </ClCompile>
    <ClCompile Include="src\omicron\resource\loader\ShaderLoader.cpp">
      <Filter>src\omicron\resource\loader</Filter>
    </ClCompile>
    <ClCompile Include="src\omicron\resource\loader\TextureLoader.cpp">
      <Filter>src\omicron\resource\loader</Filter>
    </ClCompile>
    <ClCompile Include="src\omicron\resource\type\FontResource.cpp">
      <Filter>src\omicron\resource\type</Filter>
    </ClCompile>
    <ClCompile Include="src\omicron\resource\type\GeometryResource.cpp">
      <Filter>src\omicron\resource\type</Filter>
    </ClCompile>
    <ClCompile Include="src\omicron\resource\type\KeyFrameMeshResource.cpp">
      <Filter>src\omicron\resource\type</Filter>
    </ClCompile>
    <ClCompile Include="src\omicron\resource\type\MaterialResource.cpp">
      <Filter>src\omicron\resource\type</Filter>
    </ClCompile>
    <ClCompile Include="src\omicron\resource\type\MeshResource.cpp">
      <Filter>src\omicron\resource\type</Filter>
    </ClCompile>
    <ClCompile Include="src\omicron\resource\type\ShaderResource.cpp">
      <Filter>src\omicron\resource\type</Filter>
    </ClCompile>
    <ClCompile Include="src\omicron\resource\type\SoundResource.cpp">
      <Filter>src\omicron\resource\type</Filter>
    </ClCompile>
    <ClCompile Include="src\omicron\resource\type\SpriteResource.cpp">
      <Filter>src\omicron\resource\type</Filter>
    </ClCompile>
    <ClCompile Include="src\omicron\resource\type\TextResource.cpp">
      <Filter>src\omicron\resource\type</Filter>
    </ClCompile>
    <ClCompile Include="src\omicron\resource\type\TextureResource.cpp">
      <Filter>src\omicron\resource\type</Filter>
    </ClCompile>
    <ClCompile Include="src\omicron\scene\Scene.cpp">
      <Filter>src\omicron\scene</Filter>
    </ClCompile>
    <ClCompile Include="src\omicron\settings\AudioSettings.cpp">
      <Filter>src\omicron\settings</Filter>
    </ClCompile>
    <ClCompile Include="src\omicron\settings\DisplaySettings.cpp">
      <Filter>src\omicron\settings</Filter>
    </ClCompile>
    <ClCompile Include="src\omicron\settings\RenderSettings.cpp">
      <Filter>src\omicron\settings</Filter>
    </ClCompile>
    <ClCompile Include="src\omicron\settings\SystemSettings.cpp">
      <Filter>src\omicron\settings</Filter>
    </ClCompile>
    <ClCompile Include="src\omicron\system\System.cpp">
      <Filter>src\omicron\system</Filter>
    </ClCompile>
    <ClCompile Include="src\override\StartUp.cpp">
      <Filter>src\override</Filter>
    </ClCompile>
    <ClCompile Include="src\resource_pack\AllPack.cpp">
      <Filter>src\resource_pack</Filter>
    </ClCompile>
    <ClCompile Include="src\resource_pack\DebugPack.cpp">
      <Filter>src\resource_pack</Filter>
    </ClCompile>
    <ClCompile Include="src\resource_pack\LoadingPack.cpp">
      <Filter>src\resource_pack</Filter>
    </ClCompile>
    <ClCompile Include="src\resource_pack\MenuPack.cpp">
      <Filter>src\resource_pack</Filter>
    </ClCompile>
    <ClCompile Include="src\resource_pack\StartUpPack.cpp">
      <Filter>src\resource_pack</Filter>
    </ClCompile>
    <ClCompile Include="src\scenes\gameplay\GameplayScene.cpp">
      <Filter>src\scenes\gameplay</Filter>
    </ClCompile>
    <ClCompile Include="src\scenes\loading\LoadingScene.cpp">
      <Filter>src\scenes\loading</Filter>
    </ClCompile>
    <ClCompile Include="src\scenes\start_up\StartUpScene.cpp">
      <Filter>src\scenes\start_up</Filter>
    </ClCompile>
    <ClCompile Include="src\entities\gameplay\Player.cpp">
      <Filter>src\entities\gameplay</Filter>
    </ClCompile>
    <ClCompile Include="src\resource_pack\PlayerPack.cpp">
      <Filter>src\resource_pack</Filter>
    </ClCompile>
    <ClCompile Include="src\resource_pack\EnvironmentPack.cpp">
      <Filter>src\resource_pack</Filter>
    </ClCompile>
    <ClCompile Include="src\entities\gameplay\environment\World.cpp">
      <Filter>src\entities\gameplay\environment</Filter>
    </ClCompile>
    <ClCompile Include="src\entities\gameplay\environment\Sun.cpp">
      <Filter>src\entities\gameplay\environment</Filter>
    </ClCompile>
    <ClCompile Include="src\entities\gameplay\environment\Environment.cpp">
      <Filter>src\entities\gameplay\environment</Filter>
    </ClCompile>
    <ClCompile Include="src\resource_pack\GUIPack.cpp">
      <Filter>src\resource_pack</Filter>
    </ClCompile>
    <ClCompile Include="src\entities\gameplay\Gui.cpp">
      <Filter>src\entities\gameplay</Filter>
    </ClCompile>
    <ClCompile Include="src\entities\gameplay\function\Function.cpp">
      <Filter>src\entities\gameplay\function</Filter>
    </ClCompile>
    <ClCompile Include="src\entities\gameplay\function\RaiseFunc.cpp">
      <Filter>src\entities\gameplay\function</Filter>
    </ClCompile>
    <ClCompile Include="src\entities\gameplay\function\SineFunc.cpp">
      <Filter>src\entities\gameplay\function</Filter>
    </ClCompile>
    <ClCompile Include="src\resource_pack\EffectsPack.cpp">
      <Filter>src\resource_pack</Filter>
    </ClCompile>
    <ClCompile Include="src\entities\gameplay\function\FunctionAttack.cpp">
      <Filter>src\entities\gameplay\function</Filter>
    </ClCompile>
  </ItemGroup>
</Project>